// !$*UTF8*$!
{
	archiveVersion = 1;
	classes = {
	};
	objectVersion = 46;
	objects = {

/* Begin PBXBuildFile section */
		F3F063C41C8B2AD100630BE0 /* AppDelegate.swift in Sources */ = {isa = PBXBuildFile; fileRef = F3F063C31C8B2AD100630BE0 /* AppDelegate.swift */; };
		F3F063C61C8B2AD100630BE0 /* ViewController.swift in Sources */ = {isa = PBXBuildFile; fileRef = F3F063C51C8B2AD100630BE0 /* ViewController.swift */; };
		F3F063C91C8B2AD100630BE0 /* Main.storyboard in Resources */ = {isa = PBXBuildFile; fileRef = F3F063C71C8B2AD100630BE0 /* Main.storyboard */; };
		F3F063CB1C8B2AD100630BE0 /* Assets.xcassets in Resources */ = {isa = PBXBuildFile; fileRef = F3F063CA1C8B2AD100630BE0 /* Assets.xcassets */; };
		F3F063CE1C8B2AD100630BE0 /* LaunchScreen.storyboard in Resources */ = {isa = PBXBuildFile; fileRef = F3F063CC1C8B2AD100630BE0 /* LaunchScreen.storyboard */; };
/* End PBXBuildFile section */

/* Begin PBXFileReference section */
		F3F063C01C8B2AD100630BE0 /* firt_app.app */ = {isa = PBXFileReference; explicitFileType = wrapper.application; includeInIndex = 0; path = firt_app.app; sourceTree = BUILT_PRODUCTS_DIR; };
		F3F063C31C8B2AD100630BE0 /* AppDelegate.swift */ = {isa = PBXFileReference; lastKnownFileType = sourcecode.swift; path = AppDelegate.swift; sourceTree = "<group>"; };
		F3F063C51C8B2AD100630BE0 /* ViewController.swift */ = {isa = PBXFileReference; lastKnownFileType = sourcecode.swift; path = ViewController.swift; sourceTree = "<group>"; };
		F3F063C81C8B2AD100630BE0 /* Base */ = {isa = PBXFileReference; lastKnownFileType = file.storyboard; name = Base; path = Base.lproj/Main.storyboard; sourceTree = "<group>"; };
		F3F063CA1C8B2AD100630BE0 /* Assets.xcassets */ = {isa = PBXFileReference; lastKnownFileType = folder.assetcatalog; path = Assets.xcassets; sourceTree = "<group>"; };
		F3F063CD1C8B2AD100630BE0 /* Base */ = {isa = PBXFileReference; lastKnownFileType = file.storyboard; name = Base; path = Base.lproj/LaunchScreen.storyboard; sourceTree = "<group>"; };
		F3F063CF1C8B2AD100630BE0 /* Info.plist */ = {isa = PBXFileReference; lastKnownFileType = text.plist.xml; path = Info.plist; sourceTree = "<group>"; };
/* End PBXFileReference section */

/* Begin PBXFrameworksBuildPhase section */
		F3F063BD1C8B2AD100630BE0 /* Frameworks */ = {
			isa = PBXFrameworksBuildPhase;
			buildActionMask = 2147483647;
			files = (
			);
			runOnlyForDeploymentPostprocessing = 0;
		};
/* End PBXFrameworksBuildPhase section */

/* Begin PBXGroup section */
		F3F063B71C8B2AD100630BE0 = {
			isa = PBXGroup;
			children = (
				F3F063C21C8B2AD100630BE0 /* firt_app */,
				F3F063C11C8B2AD100630BE0 /* Products */,
			);
			sourceTree = "<group>";
		};
		F3F063C11C8B2AD100630BE0 /* Products */ = {
			isa = PBXGroup;
			children = (
				F3F063C01C8B2AD100630BE0 /* firt_app.app */,
			);
			name = Products;
			sourceTree = "<group>";
		};
		F3F063C21C8B2AD100630BE0 /* firt_app */ = {
			isa = PBXGroup;
			children = (
				F3F063C31C8B2AD100630BE0 /* AppDelegate.swift */,
				F3F063C51C8B2AD100630BE0 /* ViewController.swift */,
				F3F063C71C8B2AD100630BE0 /* Main.storyboard */,
				F3F063CA1C8B2AD100630BE0 /* Assets.xcassets */,
				F3F063CC1C8B2AD100630BE0 /* LaunchScreen.storyboard */,
				F3F063CF1C8B2AD100630BE0 /* Info.plist */,
			);
			path = firt_app;
			sourceTree = "<group>";
		};
/* End PBXGroup section */

/* Begin PBXNativeTarget section */
		F3F063BF1C8B2AD100630BE0 /* firt_app */ = {
			isa = PBXNativeTarget;
			buildConfigurationList = F3F063D21C8B2AD100630BE0 /* Build configuration list for PBXNativeTarget "firt_app" */;
			buildPhases = (
				F3F063BC1C8B2AD100630BE0 /* Sources */,
				F3F063BD1C8B2AD100630BE0 /* Frameworks */,
				F3F063BE1C8B2AD100630BE0 /* Resources */,
			);
			buildRules = (
			);
			dependencies = (
			);
			name = firt_app;
			productName = firt_app;
			productReference = F3F063C01C8B2AD100630BE0 /* firt_app.app */;
			productType = "com.apple.product-type.application";
		};
/* End PBXNativeTarget section */

/* Begin PBXProject section */
		F3F063B81C8B2AD100630BE0 /* Project object */ = {
			isa = PBXProject;
			attributes = {
				LastSwiftUpdateCheck = 0730;
				LastUpgradeCheck = 0730;
				ORGANIZATIONNAME = A;
				TargetAttributes = {
					F3F063BF1C8B2AD100630BE0 = {
						CreatedOnToolsVersion = 7.3;
					};
				};
			};
			buildConfigurationList = F3F063BB1C8B2AD100630BE0 /* Build configuration list for PBXProject "firt_app" */;
			compatibilityVersion = "Xcode 3.2";
			developmentRegion = English;
			hasScannedForEncodings = 0;
			knownRegions = (
				en,
				Base,
			);
			mainGroup = F3F063B71C8B2AD100630BE0;
			productRefGroup = F3F063C11C8B2AD100630BE0 /* Products */;
			projectDirPath = "";
			projectRoot = "";
			targets = (
				F3F063BF1C8B2AD100630BE0 /* firt_app */,
			);
		};
/* End PBXProject section */

/* Begin PBXResourcesBuildPhase section */
		F3F063BE1C8B2AD100630BE0 /* Resources */ = {
			isa = PBXResourcesBuildPhase;
			buildActionMask = 2147483647;
			files = (
				F3F063CE1C8B2AD100630BE0 /* LaunchScreen.storyboard in Resources */,
				F3F063CB1C8B2AD100630BE0 /* Assets.xcassets in Resources */,
				F3F063C91C8B2AD100630BE0 /* Main.storyboard in Resources */,
			);
			runOnlyForDeploymentPostprocessing = 0;
		};
/* End PBXResourcesBuildPhase section */

/* Begin PBXSourcesBuildPhase section */
		F3F063BC1C8B2AD100630BE0 /* Sources */ = {
			isa = PBXSourcesBuildPhase;
			buildActionMask = 2147483647;
			files = (
				F3F063C61C8B2AD100630BE0 /* ViewController.swift in Sources */,
				F3F063C41C8B2AD100630BE0 /* AppDelegate.swift in Sources */,
			);
			runOnlyForDeploymentPostprocessing = 0;
		};
/* End PBXSourcesBuildPhase section */

/* Begin PBXVariantGroup section */
		F3F063C71C8B2AD100630BE0 /* Main.storyboard */ = {
			isa = PBXVariantGroup;
			children = (
				F3F063C81C8B2AD100630BE0 /* Base */,
			);
			name = Main.storyboard;
			sourceTree = "<group>";
		};
		F3F063CC1C8B2AD100630BE0 /* LaunchScreen.storyboard */ = {
			isa = PBXVariantGroup;
			children = (
				F3F063CD1C8B2AD100630BE0 /* Base */,
			);
			name = LaunchScreen.storyboard;
			sourceTree = "<group>";
		};
/* End PBXVariantGroup section */

/* Begin XCBuildConfiguration section */
		F3F063D01C8B2AD100630BE0 /* Debug */ = {
			isa = XCBuildConfiguration;
			buildSettings = {
				ALWAYS_SEARCH_USER_PATHS = NO;
				CLANG_ANALYZER_NONNULL = YES;
				CLANG_CXX_LANGUAGE_STANDARD = "gnu++0x";
				CLANG_CXX_LIBRARY = "libc++";
				CLANG_ENABLE_MODULES = YES;
				CLANG_ENABLE_OBJC_ARC = YES;
				CLANG_WARN_BOOL_CONVERSION = YES;
				CLANG_WARN_CONSTANT_CONVERSION = YES;
				CLANG_WARN_DIRECT_OBJC_ISA_USAGE = YES_ERROR;
				CLANG_WARN_EMPTY_BODY = YES;
				CLANG_WARN_ENUM_CONVERSION = YES;
				CLANG_WARN_INT_CONVERSION = YES;
				CLANG_WARN_OBJC_ROOT_CLASS = YES_ERROR;
				CLANG_WARN_UNREACHABLE_CODE = YES;
				CLANG_WARN__DUPLICATE_METHOD_MATCH = YES;
				"CODE_SIGN_IDENTITY[sdk=iphoneos*]" = "iPhone Developer";
				COPY_PHASE_STRIP = NO;
				DEBUG_INFORMATION_FORMAT = dwarf;
				ENABLE_STRICT_OBJC_MSGSEND = YES;
				ENABLE_TESTABILITY = YES;
				GCC_C_LANGUAGE_STANDARD = gnu99;
				GCC_DYNAMIC_NO_PIC = NO;
				GCC_NO_COMMON_BLOCKS = YES;
				GCC_OPTIMIZATION_LEVEL = 0;
				GCC_PREPROCESSOR_DEFINITIONS = (
					"DEBUG=1",
					"$(inherited)",
				);
				GCC_WARN_64_TO_32_BIT_CONVERSION = YES;
				GCC_WARN_ABOUT_RETURN_TYPE = YES_ERROR;
				GCC_WARN_UNDECLARED_SELECTOR = YES;
				GCC_WARN_UNINITIALIZED_AUTOS = YES_AGGRESSIVE;
				GCC_WARN_UNUSED_FUNCTION = YES;
				GCC_WARN_UNUSED_VARIABLE = YES;
				IPHONEOS_DEPLOYMENT_TARGET = 9.3;
				MTL_ENABLE_DEBUG_INFO = YES;
				ONLY_ACTIVE_ARCH = YES;
				SDKROOT = iphoneos;
				SWIFT_OPTIMIZATION_LEVEL = "-Onone";
			};
			name = Debug;
		};
		F3F063D11C8B2AD100630BE0 /* Release */ = {
			isa = XCBuildConfiguration;
			buildSettings = {
				ALWAYS_SEARCH_USER_PATHS = NO;
				CLANG_ANALYZER_NONNULL = YES;
				CLANG_CXX_LANGUAGE_STANDARD = "gnu++0x";
				CLANG_CXX_LIBRARY = "libc++";
				CLANG_ENABLE_MODULES = YES;
				CLANG_ENABLE_OBJC_ARC = YES;
				CLANG_WARN_BOOL_CONVERSION = YES;
				CLANG_WARN_CONSTANT_CONVERSION = YES;
				CLANG_WARN_DIRECT_OBJC_ISA_USAGE = YES_ERROR;
				CLANG_WARN_EMPTY_BODY = YES;
				CLANG_WARN_ENUM_CONVERSION = YES;
				CLANG_WARN_INT_CONVERSION = YES;
				CLANG_WARN_OBJC_ROOT_CLASS = YES_ERROR;
				CLANG_WARN_UNREACHABLE_CODE = YES;
				CLANG_WARN__DUPLICATE_METHOD_MATCH = YES;
				"CODE_SIGN_IDENTITY[sdk=iphoneos*]" = "iPhone Developer";
				COPY_PHASE_STRIP = NO;
				DEBUG_INFORMATION_FORMAT = "dwarf-with-dsym";
				ENABLE_NS_ASSERTIONS = NO;
				ENABLE_STRICT_OBJC_MSGSEND = YES;
				GCC_C_LANGUAGE_STANDARD = gnu99;
				GCC_NO_COMMON_BLOCKS = YES;
				GCC_WARN_64_TO_32_BIT_CONVERSION = YES;
				GCC_WARN_ABOUT_RETURN_TYPE = YES_ERROR;
				GCC_WARN_UNDECLARED_SELECTOR = YES;
				GCC_WARN_UNINITIALIZED_AUTOS = YES_AGGRESSIVE;
				GCC_WARN_UNUSED_FUNCTION = YES;
				GCC_WARN_UNUSED_VARIABLE = YES;
				IPHONEOS_DEPLOYMENT_TARGET = 9.3;
				MTL_ENABLE_DEBUG_INFO = NO;
				SDKROOT = iphoneos;
				VALIDATE_PRODUCT = YES;
			};
			name = Release;
		};
		F3F063D31C8B2AD100630BE0 /* Debug */ = {
			isa = XCBuildConfiguration;
			buildSettings = {
				ASSETCATALOG_COMPILER_APPICON_NAME = AppIcon;
				INFOPLIST_FILE = firt_app/Info.plist;
				LD_RUNPATH_SEARCH_PATHS = "$(inherited) @executable_path/Frameworks";
				PRODUCT_BUNDLE_IDENTIFIER = "com.ali492.firt-app";
				PRODUCT_NAME = "$(TARGET_NAME)";
			};
			name = Debug;
		};
		F3F063D41C8B2AD100630BE0 /* Release */ = {
			isa = XCBuildConfiguration;
			buildSettings = {
				ASSETCATALOG_COMPILER_APPICON_NAME = AppIcon;
				INFOPLIST_FILE = firt_app/Info.plist;
				LD_RUNPATH_SEARCH_PATHS = "$(inherited) @executable_path/Frameworks";
				PRODUCT_BUNDLE_IDENTIFIER = "com.ali492.firt-app";
				PRODUCT_NAME = "$(TARGET_NAME)";
			};
			name = Release;
		};
/* End XCBuildConfiguration section */

/* Begin XCConfigurationList section */
		F3F063BB1C8B2AD100630BE0 /* Build configuration list for PBXProject "firt_app" */ = {
			isa = XCConfigurationList;
			buildConfigurations = (
				F3F063D01C8B2AD100630BE0 /* Debug */,
				F3F063D11C8B2AD100630BE0 /* Release */,
			);
			defaultConfigurationIsVisible = 0;
			defaultConfigurationName = Release;
		};
		F3F063D21C8B2AD100630BE0 /* Build configuration list for PBXNativeTarget "firt_app" */ = {
			isa = XCConfigurationList;
			buildConfigurations = (
				F3F063D31C8B2AD100630BE0 /* Debug */,
				F3F063D41C8B2AD100630BE0 /* Release */,
			);
			defaultConfigurationIsVisible = 0;
		};
/* End XCConfigurationList section */
	};
	rootObject = F3F063B81C8B2AD100630BE0 /* Project object */;
}
